
Microsoft Visual Studio Solution File, Format Version 12.00
# Visual Studio 2012
Project("{FAE04EC0-301F-11D3-BF4B-00C04F79EFBC}") = "ADSAPI", "ADSAPI\ADSAPI.csproj", "{B85B3E58-5F4D-4023-A833-73B6D0EEFE54}"
EndProject
Global
	GlobalSection(SolutionConfigurationPlatforms) = preSolution
		Debug|Any CPU = Debug|Any CPU
		Release|Any CPU = Release|Any CPU
	EndGlobalSection
	GlobalSection(ProjectConfigurationPlatforms) = postSolution
		{B85B3E58-5F4D-4023-A833-73B6D0EEFE54}.Debug|Any CPU.ActiveCfg = Debug|Any CPU
		{B85B3E58-5F4D-4023-A833-73B6D0EEFE54}.Debug|Any CPU.Build.0 = Debug|Any CPU
		{B85B3E58-5F4D-4023-A833-73B6D0EEFE54}.Release|Any CPU.ActiveCfg = Release|Any CPU
		{B85B3E58-5F4D-4023-A833-73B6D0EEFE54}.Release|Any CPU.Build.0 = Release|Any CPU
	EndGlobalSection
	GlobalSection(SolutionProperties) = preSolution
		HideSolutionNode = FALSE
	EndGlobalSection
EndGlobal
